// !$*UTF8*$!
{
	archiveVersion = 1;
	classes = {
	};
	objectVersion = 46;
	objects = {

/* Begin PBXBuildFile section */
		070BDB3F1B6D46EE00CF4202 /* UITextFieldLimit.m in Sources */ = {isa = PBXBuildFile; fileRef = 070BDB3E1B6D46EE00CF4202 /* UITextFieldLimit.m */; };
		071FBA0E1B72B7F90090BADF /* RoutineCollectionCell.m in Sources */ = {isa = PBXBuildFile; fileRef = 071FBA0D1B72B7F90090BADF /* RoutineCollectionCell.m */; };
		072BA09E1B6A7D1D00BCF53D /* LoadImageFromBundle.m in Sources */ = {isa = PBXBuildFile; fileRef = 072BA09D1B6A7D1D00BCF53D /* LoadImageFromBundle.m */; };
		07317E221B7FB4D800313659 /* NotificationMessage.m in Sources */ = {isa = PBXBuildFile; fileRef = 07317E211B7FB4D800313659 /* NotificationMessage.m */; };
		07317E251B7FB6C800313659 /* NotificationBeforeDays.m in Sources */ = {isa = PBXBuildFile; fileRef = 07317E241B7FB6C800313659 /* NotificationBeforeDays.m */; };
		0746B2FE1B6C6A08000A93B1 /* ZFModalTransitionAnimator.m in Sources */ = {isa = PBXBuildFile; fileRef = 0746B2FD1B6C6A08000A93B1 /* ZFModalTransitionAnimator.m */; };
		0754C70C1B75AA6E009D8EE6 /* DateofNextEvent.m in Sources */ = {isa = PBXBuildFile; fileRef = 0754C70B1B75AA6E009D8EE6 /* DateofNextEvent.m */; };
		075C82F31B5EAE52005FD272 /* SettingsViewController.m in Sources */ = {isa = PBXBuildFile; fileRef = 075C82F21B5EAE52005FD272 /* SettingsViewController.m */; };
		075C82F61B5EC380005FD272 /* SettingsTableViewCell.m in Sources */ = {isa = PBXBuildFile; fileRef = 075C82F51B5EC380005FD272 /* SettingsTableViewCell.m */; };
		075FF6101B6545E0000E618C /* RoutineSaveViewController.m in Sources */ = {isa = PBXBuildFile; fileRef = 075FF60F1B6545E0000E618C /* RoutineSaveViewController.m */; };
		07600F6D1BA5B87A00BD0BDC /* DogHumanAge.m in Sources */ = {isa = PBXBuildFile; fileRef = 07600F6C1BA5B87A00BD0BDC /* DogHumanAge.m */; };
		07844D161B5430E300562D26 /* RoutineViewController.m in Sources */ = {isa = PBXBuildFile; fileRef = 07844D151B5430E300562D26 /* RoutineViewController.m */; };
		07844D191B5430EB00562D26 /* MainSaveViewController.m in Sources */ = {isa = PBXBuildFile; fileRef = 07844D181B5430EB00562D26 /* MainSaveViewController.m */; };
		0786C1F21B6279EC003CAF52 /* MessageUI.framework in Frameworks */ = {isa = PBXBuildFile; fileRef = 0786C1F11B6279EC003CAF52 /* MessageUI.framework */; };
		0786C1F51B62B1A8003CAF52 /* SettingsEmailViewController.m in Sources */ = {isa = PBXBuildFile; fileRef = 0786C1F41B62B1A8003CAF52 /* SettingsEmailViewController.m */; };
		0786C1FB1B64123D003CAF52 /* SettingsCreditsViewController.m in Sources */ = {isa = PBXBuildFile; fileRef = 0786C1FA1B64123D003CAF52 /* SettingsCreditsViewController.m */; };
		0786C1FE1B64639E003CAF52 /* MainDetailViewController.m in Sources */ = {isa = PBXBuildFile; fileRef = 0786C1FD1B64639E003CAF52 /* MainDetailViewController.m */; };
		07AB971B1B907BB200BA7FC8 /* NotificationDelete.m in Sources */ = {isa = PBXBuildFile; fileRef = 07AB971A1B907BB200BA7FC8 /* NotificationDelete.m */; };
		07AB971E1B908D8C00BA7FC8 /* RoutineDelete.m in Sources */ = {isa = PBXBuildFile; fileRef = 07AB971D1B908D8C00BA7FC8 /* RoutineDelete.m */; };
		07AB97211B90920A00BA7FC8 /* YorkieDelete.m in Sources */ = {isa = PBXBuildFile; fileRef = 07AB97201B90920A00BA7FC8 /* YorkieDelete.m */; };
		07B48CC11B598D9F00DE5F46 /* Localizable.strings in Resources */ = {isa = PBXBuildFile; fileRef = 07B48CC31B598D9F00DE5F46 /* Localizable.strings */; };
		07DEFD1A1B4DDFE200CA6429 /* main.m in Sources */ = {isa = PBXBuildFile; fileRef = 07DEFD191B4DDFE200CA6429 /* main.m */; };
		07DEFD1D1B4DDFE200CA6429 /* AppDelegate.m in Sources */ = {isa = PBXBuildFile; fileRef = 07DEFD1C1B4DDFE200CA6429 /* AppDelegate.m */; };
		07DEFD201B4DDFE200CA6429 /* MainViewController.m in Sources */ = {isa = PBXBuildFile; fileRef = 07DEFD1F1B4DDFE200CA6429 /* MainViewController.m */; };
		07DEFD231B4DDFE300CA6429 /* Main.storyboard in Resources */ = {isa = PBXBuildFile; fileRef = 07DEFD211B4DDFE300CA6429 /* Main.storyboard */; };
		07DEFD251B4DDFE300CA6429 /* Images.xcassets in Resources */ = {isa = PBXBuildFile; fileRef = 07DEFD241B4DDFE300CA6429 /* Images.xcassets */; };
		07DEFD281B4DDFE300CA6429 /* LaunchScreen.xib in Resources */ = {isa = PBXBuildFile; fileRef = 07DEFD261B4DDFE300CA6429 /* LaunchScreen.xib */; };
		07DEFD341B4DDFE300CA6429 /* YorkieTests.m in Sources */ = {isa = PBXBuildFile; fileRef = 07DEFD331B4DDFE300CA6429 /* YorkieTests.m */; };
		07DEFD3E1B4DE04200CA6429 /* Yorkie.sqlite in Resources */ = {isa = PBXBuildFile; fileRef = 07DEFD3D1B4DE04200CA6429 /* Yorkie.sqlite */; };
		07DEFD4D1B4DE09400CA6429 /* Yorkie.m in Sources */ = {isa = PBXBuildFile; fileRef = 07DEFD441B4DE09400CA6429 /* Yorkie.m */; };
		07DEFD4E1B4DE09400CA6429 /* Routine.m in Sources */ = {isa = PBXBuildFile; fileRef = 07DEFD461B4DE09400CA6429 /* Routine.m */; };
		07DEFD501B4DE09400CA6429 /* Weight.m in Sources */ = {isa = PBXBuildFile; fileRef = 07DEFD4A1B4DE09400CA6429 /* Weight.m */; };
		07DEFD561B4DE2F400CA6429 /* MainMenuCell.m in Sources */ = {isa = PBXBuildFile; fileRef = 07DEFD531B4DE2F400CA6429 /* MainMenuCell.m */; };
		07DEFD571B4DE2F400CA6429 /* MainCollectionCell.m in Sources */ = {isa = PBXBuildFile; fileRef = 07DEFD551B4DE2F400CA6429 /* MainCollectionCell.m */; };
		920B06AB77A66BA8D0F93ABD /* libPods-Yorkie.a in Frameworks */ = {isa = PBXBuildFile; fileRef = 3A93231B54BAD0ECF362D8B7 /* libPods-Yorkie.a */; };
		B886F50CC9D944AE0940727E /* libPods-YorkieTests.a in Frameworks */ = {isa = PBXBuildFile; fileRef = 85825EA5DC04D6B56580E0E8 /* libPods-YorkieTests.a */; };
/* End PBXBuildFile section */

/* Begin PBXContainerItemProxy section */
		07DEFD2E1B4DDFE300CA6429 /* PBXContainerItemProxy */ = {
			isa = PBXContainerItemProxy;
			containerPortal = 07DEFD0C1B4DDFE200CA6429 /* Project object */;
			proxyType = 1;
			remoteGlobalIDString = 07DEFD131B4DDFE200CA6429;
			remoteInfo = Yorkie;
		};
/* End PBXContainerItemProxy section */

/* Begin PBXFileReference section */
		070BDB3D1B6D46EE00CF4202 /* UITextFieldLimit.h */ = {isa = PBXFileReference; fileEncoding = 4; lastKnownFileType = sourcecode.c.h; path = UITextFieldLimit.h; sourceTree = "<group>"; };
		070BDB3E1B6D46EE00CF4202 /* UITextFieldLimit.m */ = {isa = PBXFileReference; fileEncoding = 4; lastKnownFileType = sourcecode.c.objc; path = UITextFieldLimit.m; sourceTree = "<group>"; };
		071FBA0C1B72B7F90090BADF /* RoutineCollectionCell.h */ = {isa = PBXFileReference; fileEncoding = 4; lastKnownFileType = sourcecode.c.h; path = RoutineCollectionCell.h; sourceTree = "<group>"; };
		071FBA0D1B72B7F90090BADF /* RoutineCollectionCell.m */ = {isa = PBXFileReference; fileEncoding = 4; lastKnownFileType = sourcecode.c.objc; path = RoutineCollectionCell.m; sourceTree = "<group>"; };
		072BA09C1B6A7D1D00BCF53D /* LoadImageFromBundle.h */ = {isa = PBXFileReference; fileEncoding = 4; lastKnownFileType = sourcecode.c.h; path = LoadImageFromBundle.h; sourceTree = "<group>"; };
		072BA09D1B6A7D1D00BCF53D /* LoadImageFromBundle.m */ = {isa = PBXFileReference; fileEncoding = 4; lastKnownFileType = sourcecode.c.objc; path = LoadImageFromBundle.m; sourceTree = "<group>"; };
		07317E201B7FB4D800313659 /* NotificationMessage.h */ = {isa = PBXFileReference; fileEncoding = 4; lastKnownFileType = sourcecode.c.h; path = NotificationMessage.h; sourceTree = "<group>"; };
		07317E211B7FB4D800313659 /* NotificationMessage.m */ = {isa = PBXFileReference; fileEncoding = 4; lastKnownFileType = sourcecode.c.objc; path = NotificationMessage.m; sourceTree = "<group>"; };
		07317E231B7FB6C800313659 /* NotificationBeforeDays.h */ = {isa = PBXFileReference; fileEncoding = 4; lastKnownFileType = sourcecode.c.h; path = NotificationBeforeDays.h; sourceTree = "<group>"; };
		07317E241B7FB6C800313659 /* NotificationBeforeDays.m */ = {isa = PBXFileReference; fileEncoding = 4; lastKnownFileType = sourcecode.c.objc; path = NotificationBeforeDays.m; sourceTree = "<group>"; };
		0746B2FC1B6C6A08000A93B1 /* ZFModalTransitionAnimator.h */ = {isa = PBXFileReference; fileEncoding = 4; lastKnownFileType = sourcecode.c.h; path = ZFModalTransitionAnimator.h; sourceTree = "<group>"; };
		0746B2FD1B6C6A08000A93B1 /* ZFModalTransitionAnimator.m */ = {isa = PBXFileReference; fileEncoding = 4; lastKnownFileType = sourcecode.c.objc; path = ZFModalTransitionAnimator.m; sourceTree = "<group>"; };
		0754C70A1B75AA6E009D8EE6 /* DateofNextEvent.h */ = {isa = PBXFileReference; fileEncoding = 4; lastKnownFileType = sourcecode.c.h; path = DateofNextEvent.h; sourceTree = "<group>"; };
		0754C70B1B75AA6E009D8EE6 /* DateofNextEvent.m */ = {isa = PBXFileReference; fileEncoding = 4; lastKnownFileType = sourcecode.c.objc; path = DateofNextEvent.m; sourceTree = "<group>"; };
		075C82F11B5EAE52005FD272 /* SettingsViewController.h */ = {isa = PBXFileReference; fileEncoding = 4; lastKnownFileType = sourcecode.c.h; path = SettingsViewController.h; sourceTree = "<group>"; };
		075C82F21B5EAE52005FD272 /* SettingsViewController.m */ = {isa = PBXFileReference; fileEncoding = 4; lastKnownFileType = sourcecode.c.objc; path = SettingsViewController.m; sourceTree = "<group>"; };
		075C82F41B5EC380005FD272 /* SettingsTableViewCell.h */ = {isa = PBXFileReference; fileEncoding = 4; lastKnownFileType = sourcecode.c.h; path = SettingsTableViewCell.h; sourceTree = "<group>"; };
		075C82F51B5EC380005FD272 /* SettingsTableViewCell.m */ = {isa = PBXFileReference; fileEncoding = 4; lastKnownFileType = sourcecode.c.objc; path = SettingsTableViewCell.m; sourceTree = "<group>"; };
		075FF60E1B6545E0000E618C /* RoutineSaveViewController.h */ = {isa = PBXFileReference; fileEncoding = 4; lastKnownFileType = sourcecode.c.h; path = RoutineSaveViewController.h; sourceTree = "<group>"; };
		075FF60F1B6545E0000E618C /* RoutineSaveViewController.m */ = {isa = PBXFileReference; fileEncoding = 4; lastKnownFileType = sourcecode.c.objc; path = RoutineSaveViewController.m; sourceTree = "<group>"; };
		07600F6B1BA5B87A00BD0BDC /* DogHumanAge.h */ = {isa = PBXFileReference; fileEncoding = 4; lastKnownFileType = sourcecode.c.h; path = DogHumanAge.h; sourceTree = "<group>"; };
		07600F6C1BA5B87A00BD0BDC /* DogHumanAge.m */ = {isa = PBXFileReference; fileEncoding = 4; lastKnownFileType = sourcecode.c.objc; path = DogHumanAge.m; sourceTree = "<group>"; };
		07844D141B5430E300562D26 /* RoutineViewController.h */ = {isa = PBXFileReference; fileEncoding = 4; lastKnownFileType = sourcecode.c.h; path = RoutineViewController.h; sourceTree = "<group>"; };
		07844D151B5430E300562D26 /* RoutineViewController.m */ = {isa = PBXFileReference; fileEncoding = 4; lastKnownFileType = sourcecode.c.objc; path = RoutineViewController.m; sourceTree = "<group>"; };
		07844D171B5430EB00562D26 /* MainSaveViewController.h */ = {isa = PBXFileReference; fileEncoding = 4; lastKnownFileType = sourcecode.c.h; path = MainSaveViewController.h; sourceTree = "<group>"; };
		07844D181B5430EB00562D26 /* MainSaveViewController.m */ = {isa = PBXFileReference; fileEncoding = 4; lastKnownFileType = sourcecode.c.objc; path = MainSaveViewController.m; sourceTree = "<group>"; };
		0786C1F11B6279EC003CAF52 /* MessageUI.framework */ = {isa = PBXFileReference; lastKnownFileType = wrapper.framework; name = MessageUI.framework; path = System/Library/Frameworks/MessageUI.framework; sourceTree = SDKROOT; };
		0786C1F31B62B1A8003CAF52 /* SettingsEmailViewController.h */ = {isa = PBXFileReference; fileEncoding = 4; lastKnownFileType = sourcecode.c.h; path = SettingsEmailViewController.h; sourceTree = "<group>"; };
		0786C1F41B62B1A8003CAF52 /* SettingsEmailViewController.m */ = {isa = PBXFileReference; fileEncoding = 4; lastKnownFileType = sourcecode.c.objc; path = SettingsEmailViewController.m; sourceTree = "<group>"; };
		0786C1F91B64123D003CAF52 /* SettingsCreditsViewController.h */ = {isa = PBXFileReference; fileEncoding = 4; lastKnownFileType = sourcecode.c.h; path = SettingsCreditsViewController.h; sourceTree = "<group>"; };
		0786C1FA1B64123D003CAF52 /* SettingsCreditsViewController.m */ = {isa = PBXFileReference; fileEncoding = 4; lastKnownFileType = sourcecode.c.objc; path = SettingsCreditsViewController.m; sourceTree = "<group>"; };
		0786C1FC1B64639E003CAF52 /* MainDetailViewController.h */ = {isa = PBXFileReference; fileEncoding = 4; lastKnownFileType = sourcecode.c.h; path = MainDetailViewController.h; sourceTree = "<group>"; };
		0786C1FD1B64639E003CAF52 /* MainDetailViewController.m */ = {isa = PBXFileReference; fileEncoding = 4; lastKnownFileType = sourcecode.c.objc; path = MainDetailViewController.m; sourceTree = "<group>"; };
		07AB97191B907BB200BA7FC8 /* NotificationDelete.h */ = {isa = PBXFileReference; fileEncoding = 4; lastKnownFileType = sourcecode.c.h; path = NotificationDelete.h; sourceTree = "<group>"; };
		07AB971A1B907BB200BA7FC8 /* NotificationDelete.m */ = {isa = PBXFileReference; fileEncoding = 4; lastKnownFileType = sourcecode.c.objc; path = NotificationDelete.m; sourceTree = "<group>"; };
		07AB971C1B908D8C00BA7FC8 /* RoutineDelete.h */ = {isa = PBXFileReference; fileEncoding = 4; lastKnownFileType = sourcecode.c.h; path = RoutineDelete.h; sourceTree = "<group>"; };
		07AB971D1B908D8C00BA7FC8 /* RoutineDelete.m */ = {isa = PBXFileReference; fileEncoding = 4; lastKnownFileType = sourcecode.c.objc; path = RoutineDelete.m; sourceTree = "<group>"; };
		07AB971F1B90920A00BA7FC8 /* YorkieDelete.h */ = {isa = PBXFileReference; fileEncoding = 4; lastKnownFileType = sourcecode.c.h; path = YorkieDelete.h; sourceTree = "<group>"; };
		07AB97201B90920A00BA7FC8 /* YorkieDelete.m */ = {isa = PBXFileReference; fileEncoding = 4; lastKnownFileType = sourcecode.c.objc; path = YorkieDelete.m; sourceTree = "<group>"; };
		07B48CBF1B598D1E00DE5F46 /* es */ = {isa = PBXFileReference; lastKnownFileType = text.plist.strings; name = es; path = es.lproj/Main.strings; sourceTree = "<group>"; };
		07B48CC01B598D1E00DE5F46 /* es */ = {isa = PBXFileReference; lastKnownFileType = text.plist.strings; name = es; path = es.lproj/LaunchScreen.strings; sourceTree = "<group>"; };
		07B48CC21B598D9F00DE5F46 /* en */ = {isa = PBXFileReference; lastKnownFileType = text.plist.strings; name = en; path = en.lproj/Localizable.strings; sourceTree = "<group>"; };
		07B48CC41B598DC100DE5F46 /* es */ = {isa = PBXFileReference; lastKnownFileType = text.plist.strings; name = es; path = es.lproj/Localizable.strings; sourceTree = "<group>"; };
		07DEFD141B4DDFE200CA6429 /* Yorkie.app */ = {isa = PBXFileReference; explicitFileType = wrapper.application; includeInIndex = 0; path = Yorkie.app; sourceTree = BUILT_PRODUCTS_DIR; };
		07DEFD181B4DDFE200CA6429 /* Info.plist */ = {isa = PBXFileReference; lastKnownFileType = text.plist.xml; path = Info.plist; sourceTree = "<group>"; };
		07DEFD191B4DDFE200CA6429 /* main.m */ = {isa = PBXFileReference; lastKnownFileType = sourcecode.c.objc; path = main.m; sourceTree = "<group>"; };
		07DEFD1B1B4DDFE200CA6429 /* AppDelegate.h */ = {isa = PBXFileReference; lastKnownFileType = sourcecode.c.h; path = AppDelegate.h; sourceTree = "<group>"; };
		07DEFD1C1B4DDFE200CA6429 /* AppDelegate.m */ = {isa = PBXFileReference; lastKnownFileType = sourcecode.c.objc; path = AppDelegate.m; sourceTree = "<group>"; };
		07DEFD1E1B4DDFE200CA6429 /* MainViewController.h */ = {isa = PBXFileReference; lastKnownFileType = sourcecode.c.h; path = MainViewController.h; sourceTree = "<group>"; };
		07DEFD1F1B4DDFE200CA6429 /* MainViewController.m */ = {isa = PBXFileReference; lastKnownFileType = sourcecode.c.objc; path = MainViewController.m; sourceTree = "<group>"; };
		07DEFD221B4DDFE300CA6429 /* Base */ = {isa = PBXFileReference; lastKnownFileType = file.storyboard; name = Base; path = Base.lproj/Main.storyboard; sourceTree = "<group>"; };
		07DEFD241B4DDFE300CA6429 /* Images.xcassets */ = {isa = PBXFileReference; lastKnownFileType = folder.assetcatalog; path = Images.xcassets; sourceTree = "<group>"; };
		07DEFD271B4DDFE300CA6429 /* Base */ = {isa = PBXFileReference; lastKnownFileType = file.xib; name = Base; path = Base.lproj/LaunchScreen.xib; sourceTree = "<group>"; };
		07DEFD2D1B4DDFE300CA6429 /* YorkieTests.xctest */ = {isa = PBXFileReference; explicitFileType = wrapper.cfbundle; includeInIndex = 0; path = YorkieTests.xctest; sourceTree = BUILT_PRODUCTS_DIR; };
		07DEFD321B4DDFE300CA6429 /* Info.plist */ = {isa = PBXFileReference; lastKnownFileType = text.plist.xml; path = Info.plist; sourceTree = "<group>"; };
		07DEFD331B4DDFE300CA6429 /* YorkieTests.m */ = {isa = PBXFileReference; lastKnownFileType = sourcecode.c.objc; path = YorkieTests.m; sourceTree = "<group>"; };
		07DEFD3D1B4DE04200CA6429 /* Yorkie.sqlite */ = {isa = PBXFileReference; lastKnownFileType = file; path = Yorkie.sqlite; sourceTree = "<group>"; };
		07DEFD431B4DE09400CA6429 /* Yorkie.h */ = {isa = PBXFileReference; fileEncoding = 4; lastKnownFileType = sourcecode.c.h; path = Yorkie.h; sourceTree = "<group>"; };
		07DEFD441B4DE09400CA6429 /* Yorkie.m */ = {isa = PBXFileReference; fileEncoding = 4; lastKnownFileType = sourcecode.c.objc; path = Yorkie.m; sourceTree = "<group>"; };
		07DEFD451B4DE09400CA6429 /* Routine.h */ = {isa = PBXFileReference; fileEncoding = 4; lastKnownFileType = sourcecode.c.h; path = Routine.h; sourceTree = "<group>"; };
		07DEFD461B4DE09400CA6429 /* Routine.m */ = {isa = PBXFileReference; fileEncoding = 4; lastKnownFileType = sourcecode.c.objc; path = Routine.m; sourceTree = "<group>"; };
		07DEFD491B4DE09400CA6429 /* Weight.h */ = {isa = PBXFileReference; fileEncoding = 4; lastKnownFileType = sourcecode.c.h; path = Weight.h; sourceTree = "<group>"; };
		07DEFD4A1B4DE09400CA6429 /* Weight.m */ = {isa = PBXFileReference; fileEncoding = 4; lastKnownFileType = sourcecode.c.objc; path = Weight.m; sourceTree = "<group>"; };
		07DEFD521B4DE2F400CA6429 /* MainMenuCell.h */ = {isa = PBXFileReference; fileEncoding = 4; lastKnownFileType = sourcecode.c.h; path = MainMenuCell.h; sourceTree = "<group>"; };
		07DEFD531B4DE2F400CA6429 /* MainMenuCell.m */ = {isa = PBXFileReference; fileEncoding = 4; lastKnownFileType = sourcecode.c.objc; path = MainMenuCell.m; sourceTree = "<group>"; };
		07DEFD541B4DE2F400CA6429 /* MainCollectionCell.h */ = {isa = PBXFileReference; fileEncoding = 4; lastKnownFileType = sourcecode.c.h; path = MainCollectionCell.h; sourceTree = "<group>"; };
		07DEFD551B4DE2F400CA6429 /* MainCollectionCell.m */ = {isa = PBXFileReference; fileEncoding = 4; lastKnownFileType = sourcecode.c.objc; path = MainCollectionCell.m; sourceTree = "<group>"; };
		3A93231B54BAD0ECF362D8B7 /* libPods-Yorkie.a */ = {isa = PBXFileReference; explicitFileType = archive.ar; includeInIndex = 0; path = "libPods-Yorkie.a"; sourceTree = BUILT_PRODUCTS_DIR; };
		3BD9C666251231290307A1C1 /* Pods-Yorkie.debug.xcconfig */ = {isa = PBXFileReference; includeInIndex = 1; lastKnownFileType = text.xcconfig; name = "Pods-Yorkie.debug.xcconfig"; path = "Pods/Target Support Files/Pods-Yorkie/Pods-Yorkie.debug.xcconfig"; sourceTree = "<group>"; };
		85825EA5DC04D6B56580E0E8 /* libPods-YorkieTests.a */ = {isa = PBXFileReference; explicitFileType = archive.ar; includeInIndex = 0; path = "libPods-YorkieTests.a"; sourceTree = BUILT_PRODUCTS_DIR; };
		97A34AA99BD166BB3D7BFE11 /* Pods-YorkieTests.debug.xcconfig */ = {isa = PBXFileReference; includeInIndex = 1; lastKnownFileType = text.xcconfig; name = "Pods-YorkieTests.debug.xcconfig"; path = "Pods/Target Support Files/Pods-YorkieTests/Pods-YorkieTests.debug.xcconfig"; sourceTree = "<group>"; };
		CAD7CC2BCE7466720F70D88B /* Pods-Yorkie.release.xcconfig */ = {isa = PBXFileReference; includeInIndex = 1; lastKnownFileType = text.xcconfig; name = "Pods-Yorkie.release.xcconfig"; path = "Pods/Target Support Files/Pods-Yorkie/Pods-Yorkie.release.xcconfig"; sourceTree = "<group>"; };
		F0563307E3E47B023C2814A5 /* Pods-YorkieTests.release.xcconfig */ = {isa = PBXFileReference; includeInIndex = 1; lastKnownFileType = text.xcconfig; name = "Pods-YorkieTests.release.xcconfig"; path = "Pods/Target Support Files/Pods-YorkieTests/Pods-YorkieTests.release.xcconfig"; sourceTree = "<group>"; };
/* End PBXFileReference section */

/* Begin PBXFrameworksBuildPhase section */
		07DEFD111B4DDFE200CA6429 /* Frameworks */ = {
			isa = PBXFrameworksBuildPhase;
			buildActionMask = 2147483647;
			files = (
				0786C1F21B6279EC003CAF52 /* MessageUI.framework in Frameworks */,
				920B06AB77A66BA8D0F93ABD /* libPods-Yorkie.a in Frameworks */,
			);
			runOnlyForDeploymentPostprocessing = 0;
		};
		07DEFD2A1B4DDFE300CA6429 /* Frameworks */ = {
			isa = PBXFrameworksBuildPhase;
			buildActionMask = 2147483647;
			files = (
				B886F50CC9D944AE0940727E /* libPods-YorkieTests.a in Frameworks */,
			);
			runOnlyForDeploymentPostprocessing = 0;
		};
/* End PBXFrameworksBuildPhase section */

/* Begin PBXGroup section */
		07DEFD0B1B4DDFE200CA6429 = {
			isa = PBXGroup;
			children = (
				07DEFD161B4DDFE200CA6429 /* Yorkie */,
				07DEFD301B4DDFE300CA6429 /* YorkieTests */,
				07DEFD151B4DDFE200CA6429 /* Products */,
				4D4D76988669955B8500B97E /* Frameworks */,
				29595E013F1C655EF050511C /* Pods */,
			);
			sourceTree = "<group>";
		};
		07DEFD151B4DDFE200CA6429 /* Products */ = {
			isa = PBXGroup;
			children = (
				07DEFD141B4DDFE200CA6429 /* Yorkie.app */,
				07DEFD2D1B4DDFE300CA6429 /* YorkieTests.xctest */,
			);
			name = Products;
			sourceTree = "<group>";
		};
		07DEFD161B4DDFE200CA6429 /* Yorkie */ = {
			isa = PBXGroup;
			children = (
				07DEFD421B4DE06400CA6429 /* Controller */,
				07DEFD411B4DE05E00CA6429 /* View */,
				07DEFD401B4DE05800CA6429 /* Model */,
				07DEFD3F1B4DE04A00CA6429 /* Data */,
				07DEFD171B4DDFE200CA6429 /* Supporting Files */,
				07B48CC31B598D9F00DE5F46 /* Localizable.strings */,
			);
			path = Yorkie;
			sourceTree = "<group>";
		};
		07DEFD171B4DDFE200CA6429 /* Supporting Files */ = {
			isa = PBXGroup;
			children = (
				07DEFD1B1B4DDFE200CA6429 /* AppDelegate.h */,
				07DEFD1C1B4DDFE200CA6429 /* AppDelegate.m */,
				07DEFD181B4DDFE200CA6429 /* Info.plist */,
				07DEFD191B4DDFE200CA6429 /* main.m */,
			);
			name = "Supporting Files";
			sourceTree = "<group>";
		};
		07DEFD301B4DDFE300CA6429 /* YorkieTests */ = {
			isa = PBXGroup;
			children = (
				07DEFD331B4DDFE300CA6429 /* YorkieTests.m */,
				07DEFD311B4DDFE300CA6429 /* Supporting Files */,
			);
			path = YorkieTests;
			sourceTree = "<group>";
		};
		07DEFD311B4DDFE300CA6429 /* Supporting Files */ = {
			isa = PBXGroup;
			children = (
				07DEFD321B4DDFE300CA6429 /* Info.plist */,
			);
			name = "Supporting Files";
			sourceTree = "<group>";
		};
		07DEFD3F1B4DE04A00CA6429 /* Data */ = {
			isa = PBXGroup;
			children = (
				07DEFD3D1B4DE04200CA6429 /* Yorkie.sqlite */,
				07DEFD241B4DDFE300CA6429 /* Images.xcassets */,
			);
			name = Data;
			sourceTree = "<group>";
		};
		07DEFD401B4DE05800CA6429 /* Model */ = {
			isa = PBXGroup;
			children = (
				07DEFD431B4DE09400CA6429 /* Yorkie.h */,
				07DEFD441B4DE09400CA6429 /* Yorkie.m */,
				07DEFD451B4DE09400CA6429 /* Routine.h */,
				07DEFD461B4DE09400CA6429 /* Routine.m */,
				07DEFD491B4DE09400CA6429 /* Weight.h */,
				07DEFD4A1B4DE09400CA6429 /* Weight.m */,
			);
			name = Model;
			sourceTree = "<group>";
		};
		07DEFD411B4DE05E00CA6429 /* View */ = {
			isa = PBXGroup;
			children = (
				07DEFD211B4DDFE300CA6429 /* Main.storyboard */,
				07DEFD261B4DDFE300CA6429 /* LaunchScreen.xib */,
			);
			name = View;
			sourceTree = "<group>";
		};
		07DEFD421B4DE06400CA6429 /* Controller */ = {
			isa = PBXGroup;
			children = (
				07DEFD1E1B4DDFE200CA6429 /* MainViewController.h */,
				07DEFD1F1B4DDFE200CA6429 /* MainViewController.m */,
				0786C1FC1B64639E003CAF52 /* MainDetailViewController.h */,
				0786C1FD1B64639E003CAF52 /* MainDetailViewController.m */,
				07844D171B5430EB00562D26 /* MainSaveViewController.h */,
				07844D181B5430EB00562D26 /* MainSaveViewController.m */,
				07DEFD521B4DE2F400CA6429 /* MainMenuCell.h */,
				07DEFD531B4DE2F400CA6429 /* MainMenuCell.m */,
				07DEFD541B4DE2F400CA6429 /* MainCollectionCell.h */,
				07DEFD551B4DE2F400CA6429 /* MainCollectionCell.m */,
				07844D141B5430E300562D26 /* RoutineViewController.h */,
				07844D151B5430E300562D26 /* RoutineViewController.m */,
				075FF60E1B6545E0000E618C /* RoutineSaveViewController.h */,
				075FF60F1B6545E0000E618C /* RoutineSaveViewController.m */,
				071FBA0C1B72B7F90090BADF /* RoutineCollectionCell.h */,
				071FBA0D1B72B7F90090BADF /* RoutineCollectionCell.m */,
				075C82F11B5EAE52005FD272 /* SettingsViewController.h */,
				075C82F21B5EAE52005FD272 /* SettingsViewController.m */,
				075C82F41B5EC380005FD272 /* SettingsTableViewCell.h */,
				075C82F51B5EC380005FD272 /* SettingsTableViewCell.m */,
				0786C1F31B62B1A8003CAF52 /* SettingsEmailViewController.h */,
				0786C1F41B62B1A8003CAF52 /* SettingsEmailViewController.m */,
				0786C1F91B64123D003CAF52 /* SettingsCreditsViewController.h */,
				0786C1FA1B64123D003CAF52 /* SettingsCreditsViewController.m */,
				072BA09C1B6A7D1D00BCF53D /* LoadImageFromBundle.h */,
				072BA09D1B6A7D1D00BCF53D /* LoadImageFromBundle.m */,
				0746B2FC1B6C6A08000A93B1 /* ZFModalTransitionAnimator.h */,
				0746B2FD1B6C6A08000A93B1 /* ZFModalTransitionAnimator.m */,
				070BDB3D1B6D46EE00CF4202 /* UITextFieldLimit.h */,
				070BDB3E1B6D46EE00CF4202 /* UITextFieldLimit.m */,
				0754C70A1B75AA6E009D8EE6 /* DateofNextEvent.h */,
				0754C70B1B75AA6E009D8EE6 /* DateofNextEvent.m */,
				07317E201B7FB4D800313659 /* NotificationMessage.h */,
				07317E211B7FB4D800313659 /* NotificationMessage.m */,
				07317E231B7FB6C800313659 /* NotificationBeforeDays.h */,
				07317E241B7FB6C800313659 /* NotificationBeforeDays.m */,
				07AB97191B907BB200BA7FC8 /* NotificationDelete.h */,
				07AB971A1B907BB200BA7FC8 /* NotificationDelete.m */,
				07AB971C1B908D8C00BA7FC8 /* RoutineDelete.h */,
				07AB971D1B908D8C00BA7FC8 /* RoutineDelete.m */,
				07AB971F1B90920A00BA7FC8 /* YorkieDelete.h */,
				07AB97201B90920A00BA7FC8 /* YorkieDelete.m */,
				07600F6B1BA5B87A00BD0BDC /* DogHumanAge.h */,
				07600F6C1BA5B87A00BD0BDC /* DogHumanAge.m */,
			);
			name = Controller;
			sourceTree = "<group>";
		};
		29595E013F1C655EF050511C /* Pods */ = {
			isa = PBXGroup;
			children = (
				3BD9C666251231290307A1C1 /* Pods-Yorkie.debug.xcconfig */,
				CAD7CC2BCE7466720F70D88B /* Pods-Yorkie.release.xcconfig */,
				97A34AA99BD166BB3D7BFE11 /* Pods-YorkieTests.debug.xcconfig */,
				F0563307E3E47B023C2814A5 /* Pods-YorkieTests.release.xcconfig */,
			);
			name = Pods;
			sourceTree = "<group>";
		};
		4D4D76988669955B8500B97E /* Frameworks */ = {
			isa = PBXGroup;
			children = (
				0786C1F11B6279EC003CAF52 /* MessageUI.framework */,
				3A93231B54BAD0ECF362D8B7 /* libPods-Yorkie.a */,
				85825EA5DC04D6B56580E0E8 /* libPods-YorkieTests.a */,
			);
			name = Frameworks;
			sourceTree = "<group>";
		};
/* End PBXGroup section */

/* Begin PBXNativeTarget section */
		07DEFD131B4DDFE200CA6429 /* Yorkie */ = {
			isa = PBXNativeTarget;
			buildConfigurationList = 07DEFD371B4DDFE300CA6429 /* Build configuration list for PBXNativeTarget "Yorkie" */;
			buildPhases = (
				BA17D81DE581A455027CD8C4 /* [CP] Check Pods Manifest.lock */,
				07DEFD101B4DDFE200CA6429 /* Sources */,
				07DEFD111B4DDFE200CA6429 /* Frameworks */,
				07DEFD121B4DDFE200CA6429 /* Resources */,
				13008B3A85F58F0C2D5A9BFB /* [CP] Embed Pods Frameworks */,
				34F6EFBD6032E636F3E46903 /* [CP] Copy Pods Resources */,
			);
			buildRules = (
			);
			dependencies = (
			);
			name = Yorkie;
			productName = Yorkie;
			productReference = 07DEFD141B4DDFE200CA6429 /* Yorkie.app */;
			productType = "com.apple.product-type.application";
		};
		07DEFD2C1B4DDFE300CA6429 /* YorkieTests */ = {
			isa = PBXNativeTarget;
			buildConfigurationList = 07DEFD3A1B4DDFE300CA6429 /* Build configuration list for PBXNativeTarget "YorkieTests" */;
			buildPhases = (
				41443C81C9628B3F1E641118 /* [CP] Check Pods Manifest.lock */,
				07DEFD291B4DDFE300CA6429 /* Sources */,
				07DEFD2A1B4DDFE300CA6429 /* Frameworks */,
				07DEFD2B1B4DDFE300CA6429 /* Resources */,
				80AD93FE1440D7A7C782318E /* [CP] Embed Pods Frameworks */,
				ED69EA19A393F0693808BFF8 /* [CP] Copy Pods Resources */,
			);
			buildRules = (
			);
			dependencies = (
				07DEFD2F1B4DDFE300CA6429 /* PBXTargetDependency */,
			);
			name = YorkieTests;
			productName = YorkieTests;
			productReference = 07DEFD2D1B4DDFE300CA6429 /* YorkieTests.xctest */;
			productType = "com.apple.product-type.bundle.unit-test";
		};
/* End PBXNativeTarget section */

/* Begin PBXProject section */
		07DEFD0C1B4DDFE200CA6429 /* Project object */ = {
			isa = PBXProject;
			attributes = {
				LastUpgradeCheck = 0730;
				ORGANIZATIONNAME = "Carlos Butron";
				TargetAttributes = {
					07DEFD131B4DDFE200CA6429 = {
						CreatedOnToolsVersion = 6.4;
						DevelopmentTeam = T5NUKP4RW6;
					};
					07DEFD2C1B4DDFE300CA6429 = {
						CreatedOnToolsVersion = 6.4;
						TestTargetID = 07DEFD131B4DDFE200CA6429;
					};
				};
			};
			buildConfigurationList = 07DEFD0F1B4DDFE200CA6429 /* Build configuration list for PBXProject "Yorkie" */;
			compatibilityVersion = "Xcode 3.2";
			developmentRegion = English;
			hasScannedForEncodings = 0;
			knownRegions = (
				en,
				Base,
				es,
			);
			mainGroup = 07DEFD0B1B4DDFE200CA6429;
			productRefGroup = 07DEFD151B4DDFE200CA6429 /* Products */;
			projectDirPath = "";
			projectRoot = "";
			targets = (
				07DEFD131B4DDFE200CA6429 /* Yorkie */,
				07DEFD2C1B4DDFE300CA6429 /* YorkieTests */,
			);
		};
/* End PBXProject section */

/* Begin PBXResourcesBuildPhase section */
		07DEFD121B4DDFE200CA6429 /* Resources */ = {
			isa = PBXResourcesBuildPhase;
			buildActionMask = 2147483647;
			files = (
				07B48CC11B598D9F00DE5F46 /* Localizable.strings in Resources */,
				07DEFD3E1B4DE04200CA6429 /* Yorkie.sqlite in Resources */,
				07DEFD231B4DDFE300CA6429 /* Main.storyboard in Resources */,
				07DEFD281B4DDFE300CA6429 /* LaunchScreen.xib in Resources */,
				07DEFD251B4DDFE300CA6429 /* Images.xcassets in Resources */,
			);
			runOnlyForDeploymentPostprocessing = 0;
		};
		07DEFD2B1B4DDFE300CA6429 /* Resources */ = {
			isa = PBXResourcesBuildPhase;
			buildActionMask = 2147483647;
			files = (
			);
			runOnlyForDeploymentPostprocessing = 0;
		};
/* End PBXResourcesBuildPhase section */

/* Begin PBXShellScriptBuildPhase section */
		13008B3A85F58F0C2D5A9BFB /* [CP] Embed Pods Frameworks */ = {
			isa = PBXShellScriptBuildPhase;
			buildActionMask = 2147483647;
			files = (
			);
			inputPaths = (
			);
			name = "[CP] Embed Pods Frameworks";
			outputPaths = (
			);
			runOnlyForDeploymentPostprocessing = 0;
			shellPath = /bin/sh;
			shellScript = "\"${SRCROOT}/Pods/Target Support Files/Pods-Yorkie/Pods-Yorkie-frameworks.sh\"\n";
			showEnvVarsInLog = 0;
		};
		34F6EFBD6032E636F3E46903 /* [CP] Copy Pods Resources */ = {
			isa = PBXShellScriptBuildPhase;
			buildActionMask = 2147483647;
			files = (
			);
			inputPaths = (
			);
			name = "[CP] Copy Pods Resources";
			outputPaths = (
			);
			runOnlyForDeploymentPostprocessing = 0;
			shellPath = /bin/sh;
			shellScript = "\"${SRCROOT}/Pods/Target Support Files/Pods-Yorkie/Pods-Yorkie-resources.sh\"\n";
			showEnvVarsInLog = 0;
		};
		41443C81C9628B3F1E641118 /* [CP] Check Pods Manifest.lock */ = {
			isa = PBXShellScriptBuildPhase;
			buildActionMask = 2147483647;
			files = (
			);
			inputPaths = (
			);
			name = "[CP] Check Pods Manifest.lock";
			outputPaths = (
			);
			runOnlyForDeploymentPostprocessing = 0;
			shellPath = /bin/sh;
			shellScript = "diff \"${PODS_ROOT}/../Podfile.lock\" \"${PODS_ROOT}/Manifest.lock\" > /dev/null\nif [[ $? != 0 ]] ; then\n    cat << EOM\nerror: The sandbox is not in sync with the Podfile.lock. Run 'pod install' or update your CocoaPods installation.\nEOM\n    exit 1\nfi\n";
			showEnvVarsInLog = 0;
		};
		80AD93FE1440D7A7C782318E /* [CP] Embed Pods Frameworks */ = {
			isa = PBXShellScriptBuildPhase;
			buildActionMask = 2147483647;
			files = (
			);
			inputPaths = (
			);
			name = "[CP] Embed Pods Frameworks";
			outputPaths = (
			);
			runOnlyForDeploymentPostprocessing = 0;
			shellPath = /bin/sh;
			shellScript = "\"${SRCROOT}/Pods/Target Support Files/Pods-YorkieTests/Pods-YorkieTests-frameworks.sh\"\n";
			showEnvVarsInLog = 0;
		};
		BA17D81DE581A455027CD8C4 /* [CP] Check Pods Manifest.lock */ = {
			isa = PBXShellScriptBuildPhase;
			buildActionMask = 2147483647;
			files = (
			);
			inputPaths = (
			);
			name = "[CP] Check Pods Manifest.lock";
			outputPaths = (
			);
			runOnlyForDeploymentPostprocessing = 0;
			shellPath = /bin/sh;
			shellScript = "diff \"${PODS_ROOT}/../Podfile.lock\" \"${PODS_ROOT}/Manifest.lock\" > /dev/null\nif [[ $? != 0 ]] ; then\n    cat << EOM\nerror: The sandbox is not in sync with the Podfile.lock. Run 'pod install' or update your CocoaPods installation.\nEOM\n    exit 1\nfi\n";
			showEnvVarsInLog = 0;
		};
		ED69EA19A393F0693808BFF8 /* [CP] Copy Pods Resources */ = {
			isa = PBXShellScriptBuildPhase;
			buildActionMask = 2147483647;
			files = (
			);
			inputPaths = (
			);
			name = "[CP] Copy Pods Resources";
			outputPaths = (
			);
			runOnlyForDeploymentPostprocessing = 0;
			shellPath = /bin/sh;
			shellScript = "\"${SRCROOT}/Pods/Target Support Files/Pods-YorkieTests/Pods-YorkieTests-resources.sh\"\n";
			showEnvVarsInLog = 0;
		};
/* End PBXShellScriptBuildPhase section */

/* Begin PBXSourcesBuildPhase section */
		07DEFD101B4DDFE200CA6429 /* Sources */ = {
			isa = PBXSourcesBuildPhase;
			buildActionMask = 2147483647;
			files = (
				07DEFD201B4DDFE200CA6429 /* MainViewController.m in Sources */,
				07AB971B1B907BB200BA7FC8 /* NotificationDelete.m in Sources */,
				07DEFD1D1B4DDFE200CA6429 /* AppDelegate.m in Sources */,
				0746B2FE1B6C6A08000A93B1 /* ZFModalTransitionAnimator.m in Sources */,
				075C82F61B5EC380005FD272 /* SettingsTableViewCell.m in Sources */,
				0786C1FB1B64123D003CAF52 /* SettingsCreditsViewController.m in Sources */,
				072BA09E1B6A7D1D00BCF53D /* LoadImageFromBundle.m in Sources */,
				070BDB3F1B6D46EE00CF4202 /* UITextFieldLimit.m in Sources */,
				07844D191B5430EB00562D26 /* MainSaveViewController.m in Sources */,
				07DEFD561B4DE2F400CA6429 /* MainMenuCell.m in Sources */,
				07317E221B7FB4D800313659 /* NotificationMessage.m in Sources */,
				07AB971E1B908D8C00BA7FC8 /* RoutineDelete.m in Sources */,
				0786C1FE1B64639E003CAF52 /* MainDetailViewController.m in Sources */,
				07DEFD4E1B4DE09400CA6429 /* Routine.m in Sources */,
				07317E251B7FB6C800313659 /* NotificationBeforeDays.m in Sources */,
				075FF6101B6545E0000E618C /* RoutineSaveViewController.m in Sources */,
				07DEFD4D1B4DE09400CA6429 /* Yorkie.m in Sources */,
				0754C70C1B75AA6E009D8EE6 /* DateofNextEvent.m in Sources */,
				07600F6D1BA5B87A00BD0BDC /* DogHumanAge.m in Sources */,
				07844D161B5430E300562D26 /* RoutineViewController.m in Sources */,
				0786C1F51B62B1A8003CAF52 /* SettingsEmailViewController.m in Sources */,
				071FBA0E1B72B7F90090BADF /* RoutineCollectionCell.m in Sources */,
				07AB97211B90920A00BA7FC8 /* YorkieDelete.m in Sources */,
				07DEFD1A1B4DDFE200CA6429 /* main.m in Sources */,
				07DEFD571B4DE2F400CA6429 /* MainCollectionCell.m in Sources */,
				07DEFD501B4DE09400CA6429 /* Weight.m in Sources */,
				075C82F31B5EAE52005FD272 /* SettingsViewController.m in Sources */,
			);
			runOnlyForDeploymentPostprocessing = 0;
		};
		07DEFD291B4DDFE300CA6429 /* Sources */ = {
			isa = PBXSourcesBuildPhase;
			buildActionMask = 2147483647;
			files = (
				07DEFD341B4DDFE300CA6429 /* YorkieTests.m in Sources */,
			);
			runOnlyForDeploymentPostprocessing = 0;
		};
/* End PBXSourcesBuildPhase section */

/* Begin PBXTargetDependency section */
		07DEFD2F1B4DDFE300CA6429 /* PBXTargetDependency */ = {
			isa = PBXTargetDependency;
			target = 07DEFD131B4DDFE200CA6429 /* Yorkie */;
			targetProxy = 07DEFD2E1B4DDFE300CA6429 /* PBXContainerItemProxy */;
		};
/* End PBXTargetDependency section */

/* Begin PBXVariantGroup section */
		07B48CC31B598D9F00DE5F46 /* Localizable.strings */ = {
			isa = PBXVariantGroup;
			children = (
				07B48CC21B598D9F00DE5F46 /* en */,
				07B48CC41B598DC100DE5F46 /* es */,
			);
			name = Localizable.strings;
			sourceTree = "<group>";
		};
		07DEFD211B4DDFE300CA6429 /* Main.storyboard */ = {
			isa = PBXVariantGroup;
			children = (
				07DEFD221B4DDFE300CA6429 /* Base */,
				07B48CBF1B598D1E00DE5F46 /* es */,
			);
			name = Main.storyboard;
			sourceTree = "<group>";
		};
		07DEFD261B4DDFE300CA6429 /* LaunchScreen.xib */ = {
			isa = PBXVariantGroup;
			children = (
				07DEFD271B4DDFE300CA6429 /* Base */,
				07B48CC01B598D1E00DE5F46 /* es */,
			);
			name = LaunchScreen.xib;
			sourceTree = "<group>";
		};
/* End PBXVariantGroup section */

/* Begin XCBuildConfiguration section */
		07DEFD351B4DDFE300CA6429 /* Debug */ = {
			isa = XCBuildConfiguration;
			buildSettings = {
				ALWAYS_SEARCH_USER_PATHS = NO;
				CLANG_CXX_LANGUAGE_STANDARD = "gnu++0x";
				CLANG_CXX_LIBRARY = "libc++";
				CLANG_ENABLE_MODULES = YES;
				CLANG_ENABLE_OBJC_ARC = YES;
				CLANG_WARN_BOOL_CONVERSION = YES;
				CLANG_WARN_CONSTANT_CONVERSION = YES;
				CLANG_WARN_DIRECT_OBJC_ISA_USAGE = YES_ERROR;
				CLANG_WARN_EMPTY_BODY = YES;
				CLANG_WARN_ENUM_CONVERSION = YES;
				CLANG_WARN_INT_CONVERSION = YES;
				CLANG_WARN_OBJC_ROOT_CLASS = YES_ERROR;
				CLANG_WARN_UNREACHABLE_CODE = YES;
				CLANG_WARN__DUPLICATE_METHOD_MATCH = YES;
				"CODE_SIGN_IDENTITY[sdk=iphoneos*]" = "iPhone Developer";
				COPY_PHASE_STRIP = NO;
				DEBUG_INFORMATION_FORMAT = "dwarf-with-dsym";
				ENABLE_STRICT_OBJC_MSGSEND = YES;
				ENABLE_TESTABILITY = YES;
				GCC_C_LANGUAGE_STANDARD = gnu99;
				GCC_DYNAMIC_NO_PIC = NO;
				GCC_NO_COMMON_BLOCKS = YES;
				GCC_OPTIMIZATION_LEVEL = 0;
				GCC_PREPROCESSOR_DEFINITIONS = (
					"DEBUG=1",
					"$(inherited)",
				);
				GCC_SYMBOLS_PRIVATE_EXTERN = NO;
				GCC_WARN_64_TO_32_BIT_CONVERSION = YES;
				GCC_WARN_ABOUT_RETURN_TYPE = YES_ERROR;
				GCC_WARN_UNDECLARED_SELECTOR = YES;
				GCC_WARN_UNINITIALIZED_AUTOS = YES_AGGRESSIVE;
				GCC_WARN_UNUSED_FUNCTION = YES;
				GCC_WARN_UNUSED_VARIABLE = YES;
				IPHONEOS_DEPLOYMENT_TARGET = 9.3;
				MTL_ENABLE_DEBUG_INFO = YES;
				ONLY_ACTIVE_ARCH = YES;
				SDKROOT = iphoneos;
			};
			name = Debug;
		};
		07DEFD361B4DDFE300CA6429 /* Release */ = {
			isa = XCBuildConfiguration;
			buildSettings = {
				ALWAYS_SEARCH_USER_PATHS = NO;
				CLANG_CXX_LANGUAGE_STANDARD = "gnu++0x";
				CLANG_CXX_LIBRARY = "libc++";
				CLANG_ENABLE_MODULES = YES;
				CLANG_ENABLE_OBJC_ARC = YES;
				CLANG_WARN_BOOL_CONVERSION = YES;
				CLANG_WARN_CONSTANT_CONVERSION = YES;
				CLANG_WARN_DIRECT_OBJC_ISA_USAGE = YES_ERROR;
				CLANG_WARN_EMPTY_BODY = YES;
				CLANG_WARN_ENUM_CONVERSION = YES;
				CLANG_WARN_INT_CONVERSION = YES;
				CLANG_WARN_OBJC_ROOT_CLASS = YES_ERROR;
				CLANG_WARN_UNREACHABLE_CODE = YES;
				CLANG_WARN__DUPLICATE_METHOD_MATCH = YES;
				"CODE_SIGN_IDENTITY[sdk=iphoneos*]" = "iPhone Developer";
				COPY_PHASE_STRIP = NO;
				DEBUG_INFORMATION_FORMAT = "dwarf-with-dsym";
				ENABLE_NS_ASSERTIONS = NO;
				ENABLE_STRICT_OBJC_MSGSEND = YES;
				GCC_C_LANGUAGE_STANDARD = gnu99;
				GCC_NO_COMMON_BLOCKS = YES;
				GCC_WARN_64_TO_32_BIT_CONVERSION = YES;
				GCC_WARN_ABOUT_RETURN_TYPE = YES_ERROR;
				GCC_WARN_UNDECLARED_SELECTOR = YES;
				GCC_WARN_UNINITIALIZED_AUTOS = YES_AGGRESSIVE;
				GCC_WARN_UNUSED_FUNCTION = YES;
				GCC_WARN_UNUSED_VARIABLE = YES;
				IPHONEOS_DEPLOYMENT_TARGET = 9.3;
				MTL_ENABLE_DEBUG_INFO = NO;
				SDKROOT = iphoneos;
				VALIDATE_PRODUCT = YES;
			};
			name = Release;
		};
		07DEFD381B4DDFE300CA6429 /* Debug */ = {
			isa = XCBuildConfiguration;
			baseConfigurationReference = 3BD9C666251231290307A1C1 /* Pods-Yorkie.debug.xcconfig */;
			buildSettings = {
				ASSETCATALOG_COMPILER_APPICON_NAME = AppIcon;
				CODE_SIGN_IDENTITY = "iPhone Developer";
				"CODE_SIGN_IDENTITY[sdk=iphoneos*]" = "iPhone Developer";
				INFOPLIST_FILE = Yorkie/Info.plist;
				IPHONEOS_DEPLOYMENT_TARGET = 9.3;
				LD_RUNPATH_SEARCH_PATHS = "$(inherited) @executable_path/Frameworks";
				PRODUCT_BUNDLE_IDENTIFIER = "es.carlosbutron.$(PRODUCT_NAME:rfc1034identifier)s";
				PRODUCT_NAME = "$(TARGET_NAME)";
				PROVISIONING_PROFILE = "";
				TARGETED_DEVICE_FAMILY = 1;
			};
			name = Debug;
		};
		07DEFD391B4DDFE300CA6429 /* Release */ = {
			isa = XCBuildConfiguration;
			baseConfigurationReference = CAD7CC2BCE7466720F70D88B /* Pods-Yorkie.release.xcconfig */;
			buildSettings = {
				ASSETCATALOG_COMPILER_APPICON_NAME = AppIcon;
				CODE_SIGN_IDENTITY = "iPhone Developer";
				"CODE_SIGN_IDENTITY[sdk=iphoneos*]" = "iPhone Developer";
				INFOPLIST_FILE = Yorkie/Info.plist;
				IPHONEOS_DEPLOYMENT_TARGET = 9.3;
				LD_RUNPATH_SEARCH_PATHS = "$(inherited) @executable_path/Frameworks";
				PRODUCT_BUNDLE_IDENTIFIER = "es.carlosbutron.$(PRODUCT_NAME:rfc1034identifier)s";
				PRODUCT_NAME = "$(TARGET_NAME)";
				PROVISIONING_PROFILE = "";
				TARGETED_DEVICE_FAMILY = 1;
			};
			name = Release;
		};
		07DEFD3B1B4DDFE300CA6429 /* Debug */ = {
			isa = XCBuildConfiguration;
			baseConfigurationReference = 97A34AA99BD166BB3D7BFE11 /* Pods-YorkieTests.debug.xcconfig */;
			buildSettings = {
				BUNDLE_LOADER = "$(TEST_HOST)";
				FRAMEWORK_SEARCH_PATHS = (
					"$(SDKROOT)/Developer/Library/Frameworks",
					"$(inherited)",
				);
				GCC_PREPROCESSOR_DEFINITIONS = (
					"DEBUG=1",
					"$(inherited)",
				);
				INFOPLIST_FILE = YorkieTests/Info.plist;
				LD_RUNPATH_SEARCH_PATHS = "$(inherited) @executable_path/Frameworks @loader_path/Frameworks";
				PRODUCT_BUNDLE_IDENTIFIER = "es.carlosbutron.$(PRODUCT_NAME:rfc1034identifier)";
				PRODUCT_NAME = "$(TARGET_NAME)";
				TEST_HOST = "$(BUILT_PRODUCTS_DIR)/Yorkie.app/Yorkie";
			};
			name = Debug;
		};
		07DEFD3C1B4DDFE300CA6429 /* Release */ = {
			isa = XCBuildConfiguration;
			baseConfigurationReference = F0563307E3E47B023C2814A5 /* Pods-YorkieTests.release.xcconfig */;
			buildSettings = {
				BUNDLE_LOADER = "$(TEST_HOST)";
				FRAMEWORK_SEARCH_PATHS = (
					"$(SDKROOT)/Developer/Library/Frameworks",
					"$(inherited)",
				);
				INFOPLIST_FILE = YorkieTests/Info.plist;
				LD_RUNPATH_SEARCH_PATHS = "$(inherited) @executable_path/Frameworks @loader_path/Frameworks";
				PRODUCT_BUNDLE_IDENTIFIER = "es.carlosbutron.$(PRODUCT_NAME:rfc1034identifier)";
				PRODUCT_NAME = "$(TARGET_NAME)";
				TEST_HOST = "$(BUILT_PRODUCTS_DIR)/Yorkie.app/Yorkie";
			};
			name = Release;
		};
/* End XCBuildConfiguration section */

/* Begin XCConfigurationList section */
		07DEFD0F1B4DDFE200CA6429 /* Build configuration list for PBXProject "Yorkie" */ = {
			isa = XCConfigurationList;
			buildConfigurations = (
				07DEFD351B4DDFE300CA6429 /* Debug */,
				07DEFD361B4DDFE300CA6429 /* Release */,
			);
			defaultConfigurationIsVisible = 0;
			defaultConfigurationName = Release;
		};
		07DEFD371B4DDFE300CA6429 /* Build configuration list for PBXNativeTarget "Yorkie" */ = {
			isa = XCConfigurationList;
			buildConfigurations = (
				07DEFD381B4DDFE300CA6429 /* Debug */,
				07DEFD391B4DDFE300CA6429 /* Release */,
			);
			defaultConfigurationIsVisible = 0;
			defaultConfigurationName = Release;
		};
		07DEFD3A1B4DDFE300CA6429 /* Build configuration list for PBXNativeTarget "YorkieTests" */ = {
			isa = XCConfigurationList;
			buildConfigurations = (
				07DEFD3B1B4DDFE300CA6429 /* Debug */,
				07DEFD3C1B4DDFE300CA6429 /* Release */,
			);
			defaultConfigurationIsVisible = 0;
			defaultConfigurationName = Release;
		};
/* End XCConfigurationList section */
	};
	rootObject = 07DEFD0C1B4DDFE200CA6429 /* Project object */;
}
